
Microsoft Visual Studio Solution File, Format Version 12.00
# Visual Studio Version 16
VisualStudioVersion = 16.0.30711.63
MinimumVisualStudioVersion = 10.0.40219.1
Project("{FAE04EC0-301F-11D3-BF4B-00C04F79EFBC}") = "SignalROld", "SignalROld\SignalROld.csproj", "{805BC73E-69D6-4762-B25D-B3CAB3B6D57C}"
EndProject
Project("{FAE04EC0-301F-11D3-BF4B-00C04F79EFBC}") = "CodeOpi", "CodeOpi\CodeOpi.csproj", "{FFD55AC7-AEFE-4DB4-9BF1-9C29D8506E6A}"
EndProject
Global
	GlobalSection(SolutionConfigurationPlatforms) = preSolution
		Debug|Any CPU = Debug|Any CPU
		Release|Any CPU = Release|Any CPU
	EndGlobalSection
	GlobalSection(ProjectConfigurationPlatforms) = postSolution
		{805BC73E-69D6-4762-B25D-B3CAB3B6D57C}.Debug|Any CPU.ActiveCfg = Debug|Any CPU
		{805BC73E-69D6-4762-B25D-B3CAB3B6D57C}.Debug|Any CPU.Build.0 = Debug|Any CPU
		{805BC73E-69D6-4762-B25D-B3CAB3B6D57C}.Release|Any CPU.ActiveCfg = Release|Any CPU
		{805BC73E-69D6-4762-B25D-B3CAB3B6D57C}.Release|Any CPU.Build.0 = Release|Any CPU
		{FFD55AC7-AEFE-4DB4-9BF1-9C29D8506E6A}.Debug|Any CPU.ActiveCfg = Debug|Any CPU
		{FFD55AC7-AEFE-4DB4-9BF1-9C29D8506E6A}.Debug|Any CPU.Build.0 = Debug|Any CPU
		{FFD55AC7-AEFE-4DB4-9BF1-9C29D8506E6A}.Release|Any CPU.ActiveCfg = Release|Any CPU
		{FFD55AC7-AEFE-4DB4-9BF1-9C29D8506E6A}.Release|Any CPU.Build.0 = Release|Any CPU
	EndGlobalSection
	GlobalSection(SolutionProperties) = preSolution
		HideSolutionNode = FALSE
	EndGlobalSection
	GlobalSection(ExtensibilityGlobals) = postSolution
		SolutionGuid = {F83E0349-65B8-40E3-889D-FE268A3A6FD3}
	EndGlobalSection
EndGlobal
